
Microsoft Visual Studio Solution File, Format Version 12.00
# Visual Studio Version 17
VisualStudioVersion = 17.3.32804.467
MinimumVisualStudioVersion = 10.0.40219.1
Project("{FAE04EC0-301F-11D3-BF4B-00C04F79EFBC}") = "Practico1", "Practico1\Practico1.csproj", "{D35B9EBD-5139-4605-BFC3-A2F7FB93550D}"
EndProject
Project("{FAE04EC0-301F-11D3-BF4B-00C04F79EFBC}") = "Shared", "Shared\Shared.csproj", "{558158D8-4D9B-44BF-9A67-5E47068DDE80}"
EndProject
Project("{FAE04EC0-301F-11D3-BF4B-00C04F79EFBC}") = "DataAccessLayer", "DataAccessLayer\DataAccessLayer.csproj", "{2C82F519-427D-404B-88FE-6B3F602D9BE2}"
EndProject
Global
	GlobalSection(SolutionConfigurationPlatforms) = preSolution
		Debug|Any CPU = Debug|Any CPU
		Release|Any CPU = Release|Any CPU
	EndGlobalSection
	GlobalSection(ProjectConfigurationPlatforms) = postSolution
		{D35B9EBD-5139-4605-BFC3-A2F7FB93550D}.Debug|Any CPU.ActiveCfg = Debug|Any CPU
		{D35B9EBD-5139-4605-BFC3-A2F7FB93550D}.Debug|Any CPU.Build.0 = Debug|Any CPU
		{D35B9EBD-5139-4605-BFC3-A2F7FB93550D}.Release|Any CPU.ActiveCfg = Release|Any CPU
		{D35B9EBD-5139-4605-BFC3-A2F7FB93550D}.Release|Any CPU.Build.0 = Release|Any CPU
		{558158D8-4D9B-44BF-9A67-5E47068DDE80}.Debug|Any CPU.ActiveCfg = Debug|Any CPU
		{558158D8-4D9B-44BF-9A67-5E47068DDE80}.Debug|Any CPU.Build.0 = Debug|Any CPU
		{558158D8-4D9B-44BF-9A67-5E47068DDE80}.Release|Any CPU.ActiveCfg = Release|Any CPU
		{558158D8-4D9B-44BF-9A67-5E47068DDE80}.Release|Any CPU.Build.0 = Release|Any CPU
		{2C82F519-427D-404B-88FE-6B3F602D9BE2}.Debug|Any CPU.ActiveCfg = Debug|Any CPU
		{2C82F519-427D-404B-88FE-6B3F602D9BE2}.Debug|Any CPU.Build.0 = Debug|Any CPU
		{2C82F519-427D-404B-88FE-6B3F602D9BE2}.Release|Any CPU.ActiveCfg = Release|Any CPU
		{2C82F519-427D-404B-88FE-6B3F602D9BE2}.Release|Any CPU.Build.0 = Release|Any CPU
	EndGlobalSection
	GlobalSection(SolutionProperties) = preSolution
		HideSolutionNode = FALSE
	EndGlobalSection
	GlobalSection(ExtensibilityGlobals) = postSolution
		SolutionGuid = {D9768D1F-EE77-44B7-A53B-0CC91FD789F6}
	EndGlobalSection
EndGlobal
